
Microsoft Visual Studio Solution File, Format Version 12.00
# Visual Studio Version 16
VisualStudioVersion = 16.0.30523.141
MinimumVisualStudioVersion = 10.0.40219.1
Project("{FAE04EC0-301F-11D3-BF4B-00C04F79EFBC}") = "Bank_konto", "Bank_konto.csproj", "{F8805FCC-A4F0-407F-AD48-6F59F2BBBEC5}"
EndProject
Global
	GlobalSection(SolutionConfigurationPlatforms) = preSolution
		Debug|Any CPU = Debug|Any CPU
		Release|Any CPU = Release|Any CPU
	EndGlobalSection
	GlobalSection(ProjectConfigurationPlatforms) = postSolution
		{F8805FCC-A4F0-407F-AD48-6F59F2BBBEC5}.Debug|Any CPU.ActiveCfg = Debug|Any CPU
		{F8805FCC-A4F0-407F-AD48-6F59F2BBBEC5}.Debug|Any CPU.Build.0 = Debug|Any CPU
		{F8805FCC-A4F0-407F-AD48-6F59F2BBBEC5}.Release|Any CPU.ActiveCfg = Release|Any CPU
		{F8805FCC-A4F0-407F-AD48-6F59F2BBBEC5}.Release|Any CPU.Build.0 = Release|Any CPU
	EndGlobalSection
	GlobalSection(SolutionProperties) = preSolution
		HideSolutionNode = FALSE
	EndGlobalSection
	GlobalSection(ExtensibilityGlobals) = postSolution
		SolutionGuid = {F056AC7D-18F0-43C8-BF9D-BCFCB939A547}
	EndGlobalSection
EndGlobal
